
Microsoft Visual Studio Solution File, Format Version 12.00
# Visual Studio Version 17
VisualStudioVersion = 17.13.35919.96 d17.13
MinimumVisualStudioVersion = 10.0.40219.1
Project("{F184B08F-C81C-45F6-A57F-5ABD9991F28F}") = "Memory", "Memory\Memory.vbproj", "{639D84DB-C16D-4304-AD8E-756343A33F1F}"
EndProject
Global
	GlobalSection(SolutionConfigurationPlatforms) = preSolution
		Debug|Any CPU = Debug|Any CPU
		Release|Any CPU = Release|Any CPU
	EndGlobalSection
	GlobalSection(ProjectConfigurationPlatforms) = postSolution
		{639D84DB-C16D-4304-AD8E-756343A33F1F}.Debug|Any CPU.ActiveCfg = Debug|Any CPU
		{639D84DB-C16D-4304-AD8E-756343A33F1F}.Debug|Any CPU.Build.0 = Debug|Any CPU
		{639D84DB-C16D-4304-AD8E-756343A33F1F}.Release|Any CPU.ActiveCfg = Release|Any CPU
		{639D84DB-C16D-4304-AD8E-756343A33F1F}.Release|Any CPU.Build.0 = Release|Any CPU
	EndGlobalSection
	GlobalSection(SolutionProperties) = preSolution
		HideSolutionNode = FALSE
	EndGlobalSection
	GlobalSection(ExtensibilityGlobals) = postSolution
		SolutionGuid = {E1E88923-FDAE-46D1-AE32-CDD573E5467C}
	EndGlobalSection
EndGlobal
